# This file is automatically @generated by Cargo.
# It is not intended for manual editing.
version = 4

[[package]]
name = "anyhow"
version = "1.0.102"
source = "registry+https://github.com/rust-lang/crates.io-index"
checksum = "7f202df86484c868dbad7eaa557ef785d5c66295e41b460ef922eca0723b842c"

[[package]]
name = "bitflags"
version = "2.11.0"
source = "registry+https://github.com/rust-lang/crates.io-index"
checksum = "843867be96c8daad0d758b57df9392b6d8d271134fce549de6ce169ff98a92af"

[[package]]
name = "memchr"
version = "2.8.0"
source = "registry+https://github.com/rust-lang/crates.io-index"
checksum = "f8ca58f447f06ed17d5fc4043ce1b10dd205e060fb3ce5b979b8ed8e59ff3f79"

[[package]]
name = "pulldown-cmark"
version = "0.13.3"
source = "registry+https://github.com/rust-lang/crates.io-index"
checksum = "7c3a14896dfa883796f1cb410461aef38810ea05f2b2c33c5aded3649095fdad"
dependencies = [
 "bitflags",
 "memchr",
 "pulldown-cmark-escape",
 "unicase",
]

[[package]]
name = "pulldown-cmark-escape"
version = "0.11.0"
source = "registry+https://github.com/rust-lang/crates.io-index"
checksum = "007d8adb5ddab6f8e3f491ac63566a7d5002cc7ed73901f72057943fa71ae1ae"

[[package]]
name = "site"
version = "0.1.0"
dependencies = [
 "anyhow",
 "pulldown-cmark",
]

[[package]]
name = "unicase"
version = "2.9.0"
source = "registry+https://github.com/rust-lang/crates.io-index"
checksum = "dbc4bc3a9f746d862c45cb89d705aa10f187bb96c76001afab07a0d35ce60142"
